// !$*UTF8*$!
{
	archiveVersion = 1;
	classes = {
	};
	objectVersion = 46;
	objects = {

/* Begin PBXBuildFile section */
		6F0DC8A8195A0836005F4995 /* AppDelegate.swift in Sources */ = {isa = PBXBuildFile; fileRef = 6F0DC8A7195A0836005F4995 /* AppDelegate.swift */; };
		6F0DC8AA195A0836005F4995 /* ViewController.swift in Sources */ = {isa = PBXBuildFile; fileRef = 6F0DC8A9195A0836005F4995 /* ViewController.swift */; };
		6F0DC8AD195A0836005F4995 /* Main.storyboard in Resources */ = {isa = PBXBuildFile; fileRef = 6F0DC8AB195A0836005F4995 /* Main.storyboard */; };
		6F0DC8AF195A0836005F4995 /* Images.xcassets in Resources */ = {isa = PBXBuildFile; fileRef = 6F0DC8AE195A0836005F4995 /* Images.xcassets */; };
		6F0DC8BB195A0836005F4995 /* Additive_Move_to_TapTests.swift in Sources */ = {isa = PBXBuildFile; fileRef = 6F0DC8BA195A0836005F4995 /* Additive_Move_to_TapTests.swift */; };
/* End PBXBuildFile section */

/* Begin PBXContainerItemProxy section */
		6F0DC8B5195A0836005F4995 /* PBXContainerItemProxy */ = {
			isa = PBXContainerItemProxy;
			containerPortal = 6F0DC89A195A0836005F4995 /* Project object */;
			proxyType = 1;
			remoteGlobalIDString = 6F0DC8A1195A0836005F4995;
			remoteInfo = "Additive Move to Tap";
		};
/* End PBXContainerItemProxy section */

/* Begin PBXFileReference section */
		6F0DC8A2195A0836005F4995 /* Additive Move to Tap.app */ = {isa = PBXFileReference; explicitFileType = wrapper.application; includeInIndex = 0; path = "Additive Move to Tap.app"; sourceTree = BUILT_PRODUCTS_DIR; };
		6F0DC8A6195A0836005F4995 /* Info.plist */ = {isa = PBXFileReference; lastKnownFileType = text.plist.xml; path = Info.plist; sourceTree = "<group>"; };
		6F0DC8A7195A0836005F4995 /* AppDelegate.swift */ = {isa = PBXFileReference; lastKnownFileType = sourcecode.swift; path = AppDelegate.swift; sourceTree = "<group>"; };
		6F0DC8A9195A0836005F4995 /* ViewController.swift */ = {isa = PBXFileReference; lastKnownFileType = sourcecode.swift; path = ViewController.swift; sourceTree = "<group>"; };
		6F0DC8AC195A0836005F4995 /* Base */ = {isa = PBXFileReference; lastKnownFileType = file.storyboard; name = Base; path = Base.lproj/Main.storyboard; sourceTree = "<group>"; };
		6F0DC8AE195A0836005F4995 /* Images.xcassets */ = {isa = PBXFileReference; lastKnownFileType = folder.assetcatalog; path = Images.xcassets; sourceTree = "<group>"; };
		6F0DC8B4195A0836005F4995 /* Additive Move to TapTests.xctest */ = {isa = PBXFileReference; explicitFileType = wrapper.cfbundle; includeInIndex = 0; path = "Additive Move to TapTests.xctest"; sourceTree = BUILT_PRODUCTS_DIR; };
		6F0DC8B9195A0836005F4995 /* Info.plist */ = {isa = PBXFileReference; lastKnownFileType = text.plist.xml; path = Info.plist; sourceTree = "<group>"; };
		6F0DC8BA195A0836005F4995 /* Additive_Move_to_TapTests.swift */ = {isa = PBXFileReference; lastKnownFileType = sourcecode.swift; path = Additive_Move_to_TapTests.swift; sourceTree = "<group>"; };
/* End PBXFileReference section */

/* Begin PBXFrameworksBuildPhase section */
		6F0DC89F195A0836005F4995 /* Frameworks */ = {
			isa = PBXFrameworksBuildPhase;
			buildActionMask = 2147483647;
			files = (
			);
			runOnlyForDeploymentPostprocessing = 0;
		};
		6F0DC8B1195A0836005F4995 /* Frameworks */ = {
			isa = PBXFrameworksBuildPhase;
			buildActionMask = 2147483647;
			files = (
			);
			runOnlyForDeploymentPostprocessing = 0;
		};
/* End PBXFrameworksBuildPhase section */

/* Begin PBXGroup section */
		6F0DC899195A0836005F4995 = {
			isa = PBXGroup;
			children = (
				6F0DC8A4195A0836005F4995 /* Additive Move to Tap */,
				6F0DC8B7195A0836005F4995 /* Additive Move to TapTests */,
				6F0DC8A3195A0836005F4995 /* Products */,
			);
			sourceTree = "<group>";
		};
		6F0DC8A3195A0836005F4995 /* Products */ = {
			isa = PBXGroup;
			children = (
				6F0DC8A2195A0836005F4995 /* Additive Move to Tap.app */,
				6F0DC8B4195A0836005F4995 /* Additive Move to TapTests.xctest */,
			);
			name = Products;
			sourceTree = "<group>";
		};
		6F0DC8A4195A0836005F4995 /* Additive Move to Tap */ = {
			isa = PBXGroup;
			children = (
				6F0DC8A7195A0836005F4995 /* AppDelegate.swift */,
				6F0DC8A9195A0836005F4995 /* ViewController.swift */,
				6F0DC8AB195A0836005F4995 /* Main.storyboard */,
				6F0DC8AE195A0836005F4995 /* Images.xcassets */,
				6F0DC8A5195A0836005F4995 /* Supporting Files */,
			);
			path = "Additive Move to Tap";
			sourceTree = "<group>";
		};
		6F0DC8A5195A0836005F4995 /* Supporting Files */ = {
			isa = PBXGroup;
			children = (
				6F0DC8A6195A0836005F4995 /* Info.plist */,
			);
			name = "Supporting Files";
			sourceTree = "<group>";
		};
		6F0DC8B7195A0836005F4995 /* Additive Move to TapTests */ = {
			isa = PBXGroup;
			children = (
				6F0DC8BA195A0836005F4995 /* Additive_Move_to_TapTests.swift */,
				6F0DC8B8195A0836005F4995 /* Supporting Files */,
			);
			path = "Additive Move to TapTests";
			sourceTree = "<group>";
		};
		6F0DC8B8195A0836005F4995 /* Supporting Files */ = {
			isa = PBXGroup;
			children = (
				6F0DC8B9195A0836005F4995 /* Info.plist */,
			);
			name = "Supporting Files";
			sourceTree = "<group>";
		};
/* End PBXGroup section */

/* Begin PBXNativeTarget section */
		6F0DC8A1195A0836005F4995 /* Additive Move to Tap */ = {
			isa = PBXNativeTarget;
			buildConfigurationList = 6F0DC8BE195A0836005F4995 /* Build configuration list for PBXNativeTarget "Additive Move to Tap" */;
			buildPhases = (
				6F0DC89E195A0836005F4995 /* Sources */,
				6F0DC89F195A0836005F4995 /* Frameworks */,
				6F0DC8A0195A0836005F4995 /* Resources */,
			);
			buildRules = (
			);
			dependencies = (
			);
			name = "Additive Move to Tap";
			productName = "Additive Move to Tap";
			productReference = 6F0DC8A2195A0836005F4995 /* Additive Move to Tap.app */;
			productType = "com.apple.product-type.application";
		};
		6F0DC8B3195A0836005F4995 /* Additive Move to TapTests */ = {
			isa = PBXNativeTarget;
			buildConfigurationList = 6F0DC8C1195A0836005F4995 /* Build configuration list for PBXNativeTarget "Additive Move to TapTests" */;
			buildPhases = (
				6F0DC8B0195A0836005F4995 /* Sources */,
				6F0DC8B1195A0836005F4995 /* Frameworks */,
				6F0DC8B2195A0836005F4995 /* Resources */,
			);
			buildRules = (
			);
			dependencies = (
				6F0DC8B6195A0836005F4995 /* PBXTargetDependency */,
			);
			name = "Additive Move to TapTests";
			productName = "Additive Move to TapTests";
			productReference = 6F0DC8B4195A0836005F4995 /* Additive Move to TapTests.xctest */;
			productType = "com.apple.product-type.bundle.unit-test";
		};
/* End PBXNativeTarget section */

/* Begin PBXProject section */
		6F0DC89A195A0836005F4995 /* Project object */ = {
			isa = PBXProject;
			attributes = {
				LastUpgradeCheck = 0600;
				ORGANIZATIONNAME = "David Rönnqvist";
				TargetAttributes = {
					6F0DC8A1195A0836005F4995 = {
						CreatedOnToolsVersion = 6.0;
					};
					6F0DC8B3195A0836005F4995 = {
						CreatedOnToolsVersion = 6.0;
						TestTargetID = 6F0DC8A1195A0836005F4995;
					};
				};
			};
			buildConfigurationList = 6F0DC89D195A0836005F4995 /* Build configuration list for PBXProject "Additive Move to Tap" */;
			compatibilityVersion = "Xcode 3.2";
			developmentRegion = English;
			hasScannedForEncodings = 0;
			knownRegions = (
				en,
				Base,
			);
			mainGroup = 6F0DC899195A0836005F4995;
			productRefGroup = 6F0DC8A3195A0836005F4995 /* Products */;
			projectDirPath = "";
			projectRoot = "";
			targets = (
				6F0DC8A1195A0836005F4995 /* Additive Move to Tap */,
				6F0DC8B3195A0836005F4995 /* Additive Move to TapTests */,
			);
		};
/* End PBXProject section */

/* Begin PBXResourcesBuildPhase section */
		6F0DC8A0195A0836005F4995 /* Resources */ = {
			isa = PBXResourcesBuildPhase;
			buildActionMask = 2147483647;
			files = (
				6F0DC8AD195A0836005F4995 /* Main.storyboard in Resources */,
				6F0DC8AF195A0836005F4995 /* Images.xcassets in Resources */,
			);
			runOnlyForDeploymentPostprocessing = 0;
		};
		6F0DC8B2195A0836005F4995 /* Resources */ = {
			isa = PBXResourcesBuildPhase;
			buildActionMask = 2147483647;
			files = (
			);
			runOnlyForDeploymentPostprocessing = 0;
		};
/* End PBXResourcesBuildPhase section */

/* Begin PBXSourcesBuildPhase section */
		6F0DC89E195A0836005F4995 /* Sources */ = {
			isa = PBXSourcesBuildPhase;
			buildActionMask = 2147483647;
			files = (
				6F0DC8AA195A0836005F4995 /* ViewController.swift in Sources */,
				6F0DC8A8195A0836005F4995 /* AppDelegate.swift in Sources */,
			);
			runOnlyForDeploymentPostprocessing = 0;
		};
		6F0DC8B0195A0836005F4995 /* Sources */ = {
			isa = PBXSourcesBuildPhase;
			buildActionMask = 2147483647;
			files = (
				6F0DC8BB195A0836005F4995 /* Additive_Move_to_TapTests.swift in Sources */,
			);
			runOnlyForDeploymentPostprocessing = 0;
		};
/* End PBXSourcesBuildPhase section */

/* Begin PBXTargetDependency section */
		6F0DC8B6195A0836005F4995 /* PBXTargetDependency */ = {
			isa = PBXTargetDependency;
			target = 6F0DC8A1195A0836005F4995 /* Additive Move to Tap */;
			targetProxy = 6F0DC8B5195A0836005F4995 /* PBXContainerItemProxy */;
		};
/* End PBXTargetDependency section */

/* Begin PBXVariantGroup section */
		6F0DC8AB195A0836005F4995 /* Main.storyboard */ = {
			isa = PBXVariantGroup;
			children = (
				6F0DC8AC195A0836005F4995 /* Base */,
			);
			name = Main.storyboard;
			sourceTree = "<group>";
		};
/* End PBXVariantGroup section */

/* Begin XCBuildConfiguration section */
		6F0DC8BC195A0836005F4995 /* Debug */ = {
			isa = XCBuildConfiguration;
			buildSettings = {
				ALWAYS_SEARCH_USER_PATHS = NO;
				CLANG_CXX_LANGUAGE_STANDARD = "gnu++0x";
				CLANG_CXX_LIBRARY = "libc++";
				CLANG_ENABLE_MODULES = YES;
				CLANG_ENABLE_OBJC_ARC = YES;
				CLANG_WARN_BOOL_CONVERSION = YES;
				CLANG_WARN_CONSTANT_CONVERSION = YES;
				CLANG_WARN_DIRECT_OBJC_ISA_USAGE = YES_ERROR;
				CLANG_WARN_EMPTY_BODY = YES;
				CLANG_WARN_ENUM_CONVERSION = YES;
				CLANG_WARN_INT_CONVERSION = YES;
				CLANG_WARN_OBJC_ROOT_CLASS = YES_ERROR;
				CLANG_WARN_UNREACHABLE_CODE = YES;
				CLANG_WARN__DUPLICATE_METHOD_MATCH = YES;
				"CODE_SIGN_IDENTITY[sdk=iphoneos*]" = "iPhone Developer";
				COPY_PHASE_STRIP = NO;
				ENABLE_STRICT_OBJC_MSGSEND = YES;
				GCC_C_LANGUAGE_STANDARD = gnu99;
				GCC_DYNAMIC_NO_PIC = NO;
				GCC_OPTIMIZATION_LEVEL = 0;
				GCC_PREPROCESSOR_DEFINITIONS = (
					"DEBUG=1",
					"$(inherited)",
				);
				GCC_SYMBOLS_PRIVATE_EXTERN = NO;
				GCC_WARN_64_TO_32_BIT_CONVERSION = YES;
				GCC_WARN_ABOUT_RETURN_TYPE = YES_ERROR;
				GCC_WARN_UNDECLARED_SELECTOR = YES;
				GCC_WARN_UNINITIALIZED_AUTOS = YES_AGGRESSIVE;
				GCC_WARN_UNUSED_FUNCTION = YES;
				GCC_WARN_UNUSED_VARIABLE = YES;
				IPHONEOS_DEPLOYMENT_TARGET = 8.0;
				METAL_ENABLE_DEBUG_INFO = YES;
				ONLY_ACTIVE_ARCH = YES;
				SDKROOT = iphoneos;
				SWIFT_OPTIMIZATION_LEVEL = "-Onone";
				TARGETED_DEVICE_FAMILY = "1,2";
			};
			name = Debug;
		};
		6F0DC8BD195A0836005F4995 /* Release */ = {
			isa = XCBuildConfiguration;
			buildSettings = {
				ALWAYS_SEARCH_USER_PATHS = NO;
				CLANG_CXX_LANGUAGE_STANDARD = "gnu++0x";
				CLANG_CXX_LIBRARY = "libc++";
				CLANG_ENABLE_MODULES = YES;
				CLANG_ENABLE_OBJC_ARC = YES;
				CLANG_WARN_BOOL_CONVERSION = YES;
				CLANG_WARN_CONSTANT_CONVERSION = YES;
				CLANG_WARN_DIRECT_OBJC_ISA_USAGE = YES_ERROR;
				CLANG_WARN_EMPTY_BODY = YES;
				CLANG_WARN_ENUM_CONVERSION = YES;
				CLANG_WARN_INT_CONVERSION = YES;
				CLANG_WARN_OBJC_ROOT_CLASS = YES_ERROR;
				CLANG_WARN_UNREACHABLE_CODE = YES;
				CLANG_WARN__DUPLICATE_METHOD_MATCH = YES;
				"CODE_SIGN_IDENTITY[sdk=iphoneos*]" = "iPhone Developer";
				COPY_PHASE_STRIP = YES;
				ENABLE_NS_ASSERTIONS = NO;
				ENABLE_STRICT_OBJC_MSGSEND = YES;
				GCC_C_LANGUAGE_STANDARD = gnu99;
				GCC_WARN_64_TO_32_BIT_CONVERSION = YES;
				GCC_WARN_ABOUT_RETURN_TYPE = YES_ERROR;
				GCC_WARN_UNDECLARED_SELECTOR = YES;
				GCC_WARN_UNINITIALIZED_AUTOS = YES_AGGRESSIVE;
				GCC_WARN_UNUSED_FUNCTION = YES;
				GCC_WARN_UNUSED_VARIABLE = YES;
				IPHONEOS_DEPLOYMENT_TARGET = 8.0;
				METAL_ENABLE_DEBUG_INFO = NO;
				SDKROOT = iphoneos;
				TARGETED_DEVICE_FAMILY = "1,2";
				VALIDATE_PRODUCT = YES;
			};
			name = Release;
		};
		6F0DC8BF195A0836005F4995 /* Debug */ = {
			isa = XCBuildConfiguration;
			buildSettings = {
				ASSETCATALOG_COMPILER_APPICON_NAME = AppIcon;
				ASSETCATALOG_COMPILER_LAUNCHIMAGE_NAME = LaunchImage;
				INFOPLIST_FILE = "Additive Move to Tap/Info.plist";
				LD_RUNPATH_SEARCH_PATHS = "$(inherited) @executable_path/Frameworks";
				PRODUCT_NAME = "$(TARGET_NAME)";
			};
			name = Debug;
		};
		6F0DC8C0195A0836005F4995 /* Release */ = {
			isa = XCBuildConfiguration;
			buildSettings = {
				ASSETCATALOG_COMPILER_APPICON_NAME = AppIcon;
				ASSETCATALOG_COMPILER_LAUNCHIMAGE_NAME = LaunchImage;
				INFOPLIST_FILE = "Additive Move to Tap/Info.plist";
				LD_RUNPATH_SEARCH_PATHS = "$(inherited) @executable_path/Frameworks";
				PRODUCT_NAME = "$(TARGET_NAME)";
			};
			name = Release;
		};
		6F0DC8C2195A0836005F4995 /* Debug */ = {
			isa = XCBuildConfiguration;
			buildSettings = {
				BUNDLE_LOADER = "$(BUILT_PRODUCTS_DIR)/Additive Move to Tap.app/Additive Move to Tap";
				FRAMEWORK_SEARCH_PATHS = (
					"$(SDKROOT)/Developer/Library/Frameworks",
					"$(inherited)",
				);
				GCC_PREPROCESSOR_DEFINITIONS = (
					"DEBUG=1",
					"$(inherited)",
				);
				INFOPLIST_FILE = "Additive Move to TapTests/Info.plist";
				LD_RUNPATH_SEARCH_PATHS = "$(inherited) @executable_path/Frameworks @loader_path/Frameworks";
				METAL_ENABLE_DEBUG_INFO = YES;
				PRODUCT_NAME = "$(TARGET_NAME)";
				TEST_HOST = "$(BUNDLE_LOADER)";
			};
			name = Debug;
		};
		6F0DC8C3195A0836005F4995 /* Release */ = {
			isa = XCBuildConfiguration;
			buildSettings = {
				BUNDLE_LOADER = "$(BUILT_PRODUCTS_DIR)/Additive Move to Tap.app/Additive Move to Tap";
				FRAMEWORK_SEARCH_PATHS = (
					"$(SDKROOT)/Developer/Library/Frameworks",
					"$(inherited)",
				);
				INFOPLIST_FILE = "Additive Move to TapTests/Info.plist";
				LD_RUNPATH_SEARCH_PATHS = "$(inherited) @executable_path/Frameworks @loader_path/Frameworks";
				METAL_ENABLE_DEBUG_INFO = NO;
				PRODUCT_NAME = "$(TARGET_NAME)";
				TEST_HOST = "$(BUNDLE_LOADER)";
			};
			name = Release;
		};
/* End XCBuildConfiguration section */

/* Begin XCConfigurationList section */
		6F0DC89D195A0836005F4995 /* Build configuration list for PBXProject "Additive Move to Tap" */ = {
			isa = XCConfigurationList;
			buildConfigurations = (
				6F0DC8BC195A0836005F4995 /* Debug */,
				6F0DC8BD195A0836005F4995 /* Release */,
			);
			defaultConfigurationIsVisible = 0;
			defaultConfigurationName = Release;
		};
		6F0DC8BE195A0836005F4995 /* Build configuration list for PBXNativeTarget "Additive Move to Tap" */ = {
			isa = XCConfigurationList;
			buildConfigurations = (
				6F0DC8BF195A0836005F4995 /* Debug */,
				6F0DC8C0195A0836005F4995 /* Release */,
			);
			defaultConfigurationIsVisible = 0;
		};
		6F0DC8C1195A0836005F4995 /* Build configuration list for PBXNativeTarget "Additive Move to TapTests" */ = {
			isa = XCConfigurationList;
			buildConfigurations = (
				6F0DC8C2195A0836005F4995 /* Debug */,
				6F0DC8C3195A0836005F4995 /* Release */,
			);
			defaultConfigurationIsVisible = 0;
		};
/* End XCConfigurationList section */
	};
	rootObject = 6F0DC89A195A0836005F4995 /* Project object */;
}
